<?xml version="1.0" encoding="utf-8"?>
<Project ToolsVersion="4.0" xmlns="http://schemas.microsoft.com/developer/msbuild/2003">
  <ItemGroup>
    <ClCompile Include="src\main.cpp">
      <Filter>src</Filter>
    </ClCompile>
    <ClCompile Include="src\imgui\imgui.cpp">
      <Filter>src\imgui</Filter>
    </ClCompile>
    <ClCompile Include="src\imgui\imgui_demo.cpp">
      <Filter>src\imgui</Filter>
    </ClCompile>
    <ClCompile Include="src\imgui\imgui_draw.cpp">
      <Filter>src\imgui</Filter>
    </ClCompile>
    <ClCompile Include="src\imgui\imgui_tables.cpp">
      <Filter>src\imgui</Filter>
    </ClCompile>
    <ClCompile Include="src\imgui\imgui_widgets.cpp">
      <Filter>src\imgui</Filter>
    </ClCompile>
    <ClCompile Include="src\imgui\imgui-SFML.cpp">
      <Filter>src\imgui</Filter>
    </ClCompile>
    <ClCompile Include="src\gol.cpp">
      <Filter>src</Filter>
    </ClCompile>
  </ItemGroup>
  <ItemGroup>
    <ClInclude Include="src\gametime.h">
      <Filter>src</Filter>
    </ClInclude>
    <ClInclude Include="src\grid.h">
      <Filter>src</Filter>
    </ClInclude>
    <ClInclude Include="src\gol.h">
      <Filter>src</Filter>
    </ClInclude>
    <ClInclude Include="src\cell.h">
      <Filter>src</Filter>
    </ClInclude>
    <ClInclude Include="src\mousedrag.h">
      <Filter>src</Filter>
    </ClInclude>
    <ClInclude Include="src\sfm.h">
      <Filter>src</Filter>
    </ClInclude>
    <ClInclude Include="src\misc.h">
      <Filter>src</Filter>
    </ClInclude>
  </ItemGroup>
  <ItemGroup>
    <None Include="GameOfLifeSFML.sln" />
    <None Include="GameOfLifeSFML.filters" />
    <None Include="imgui.ini" />
  </ItemGroup>
  <ItemGroup>
    <Filter Include="src">
      <UniqueIdentifier>{91f6fa6e-d54e-48c7-a741-0ad6b6f149ca}</UniqueIdentifier>
    </Filter>
    <Filter Include="src\imgui">
      <UniqueIdentifier>{a411be06-c222-474b-8aaf-0f719341f94b}</UniqueIdentifier>
    </Filter>
  </ItemGroup>
</Project>